
Microsoft Visual Studio Solution File, Format Version 12.00
# Visual Studio 2013
VisualStudioVersion = 12.0.30501.0
MinimumVisualStudioVersion = 10.0.40219.1
Project("{FAE04EC0-301F-11D3-BF4B-00C04F79EFBC}") = "WpfApplication1", "WpfApplication1\WpfApplication1.csproj", "{C7AE8DFB-D95C-41D3-9C6E-C6D83DCB8EAD}"
EndProject
Global
	GlobalSection(SolutionConfigurationPlatforms) = preSolution
		Debug|Any CPU = Debug|Any CPU
		Release|Any CPU = Release|Any CPU
	EndGlobalSection
	GlobalSection(ProjectConfigurationPlatforms) = postSolution
		{C7AE8DFB-D95C-41D3-9C6E-C6D83DCB8EAD}.Debug|Any CPU.ActiveCfg = Debug|Any CPU
		{C7AE8DFB-D95C-41D3-9C6E-C6D83DCB8EAD}.Debug|Any CPU.Build.0 = Debug|Any CPU
		{C7AE8DFB-D95C-41D3-9C6E-C6D83DCB8EAD}.Release|Any CPU.ActiveCfg = Release|Any CPU
		{C7AE8DFB-D95C-41D3-9C6E-C6D83DCB8EAD}.Release|Any CPU.Build.0 = Release|Any CPU
	EndGlobalSection
	GlobalSection(SolutionProperties) = preSolution
		HideSolutionNode = FALSE
	EndGlobalSection
EndGlobal
